// !$*UTF8*$!
{
	archiveVersion = 1;
	classes = {
	};
	objectVersion = 50;
	objects = {

/* Begin PBXBuildFile section */
		2309966F24B4A5DE0017042F /* AppDelegate.swift in Sources */ = {isa = PBXBuildFile; fileRef = 2309966E24B4A5DE0017042F /* AppDelegate.swift */; };
		2309967124B4A5DE0017042F /* SceneDelegate.swift in Sources */ = {isa = PBXBuildFile; fileRef = 2309967024B4A5DE0017042F /* SceneDelegate.swift */; };
		2309967324B4A5DE0017042F /* MusicViewController.swift in Sources */ = {isa = PBXBuildFile; fileRef = 2309967224B4A5DE0017042F /* MusicViewController.swift */; };
		2309967624B4A5DE0017042F /* Main.storyboard in Resources */ = {isa = PBXBuildFile; fileRef = 2309967424B4A5DE0017042F /* Main.storyboard */; };
		2309967824B4A5E10017042F /* Assets.xcassets in Resources */ = {isa = PBXBuildFile; fileRef = 2309967724B4A5E10017042F /* Assets.xcassets */; };
		2309967B24B4A5E10017042F /* LaunchScreen.storyboard in Resources */ = {isa = PBXBuildFile; fileRef = 2309967924B4A5E10017042F /* LaunchScreen.storyboard */; };
		2309968524B4A85F0017042F /* AnghamiManager.swift in Sources */ = {isa = PBXBuildFile; fileRef = 2309968424B4A85F0017042F /* AnghamiManager.swift */; };
		2309968824B4B1EB0017042F /* PlaylistData.swift in Sources */ = {isa = PBXBuildFile; fileRef = 2309968724B4B1EB0017042F /* PlaylistData.swift */; };
		230CB84E24CEDB1D00F203D8 /* LibraryPageViewController.swift in Sources */ = {isa = PBXBuildFile; fileRef = 230CB84D24CEDB1D00F203D8 /* LibraryPageViewController.swift */; };
		230CB85024CEEC7800F203D8 /* LibraryViewController.swift in Sources */ = {isa = PBXBuildFile; fileRef = 230CB84F24CEEC7800F203D8 /* LibraryViewController.swift */; };
		230CB85224CEF27200F203D8 /* AlbumData.swift in Sources */ = {isa = PBXBuildFile; fileRef = 230CB85124CEF27200F203D8 /* AlbumData.swift */; };
		230CB85424CEF27A00F203D8 /* ArtistData.swift in Sources */ = {isa = PBXBuildFile; fileRef = 230CB85324CEF27A00F203D8 /* ArtistData.swift */; };
		230CB85D24CF0CF000F203D8 /* Item.swift in Sources */ = {isa = PBXBuildFile; fileRef = 230CB85C24CF0CF000F203D8 /* Item.swift */; };
		230CB85F24CFFE9700F203D8 /* ChildViewControllerExtension.swift in Sources */ = {isa = PBXBuildFile; fileRef = 230CB85E24CFFE9700F203D8 /* ChildViewControllerExtension.swift */; };
		230CB86124CFFEFF00F203D8 /* LoadingViewController.swift in Sources */ = {isa = PBXBuildFile; fileRef = 230CB86024CFFEFF00F203D8 /* LoadingViewController.swift */; };
		230CB86324D0059800F203D8 /* StringLocalizedExtension.swift in Sources */ = {isa = PBXBuildFile; fileRef = 230CB86224D0059800F203D8 /* StringLocalizedExtension.swift */; };
		230CB86824D006EC00F203D8 /* Localizable.strings in Resources */ = {isa = PBXBuildFile; fileRef = 230CB86A24D006EC00F203D8 /* Localizable.strings */; };
		2316467124B9996900001EE7 /* ItemCell.swift in Sources */ = {isa = PBXBuildFile; fileRef = 2316466F24B9996900001EE7 /* ItemCell.swift */; };
		2316467224B9996900001EE7 /* ItemCell.xib in Resources */ = {isa = PBXBuildFile; fileRef = 2316467024B9996900001EE7 /* ItemCell.xib */; };
		2316467524B9A09500001EE7 /* Constants.swift in Sources */ = {isa = PBXBuildFile; fileRef = 2316467424B9A09500001EE7 /* Constants.swift */; };
		232965B724CB12DB00F2CF0B /* TableViewDataSource.swift in Sources */ = {isa = PBXBuildFile; fileRef = 232965B624CB12DB00F2CF0B /* TableViewDataSource.swift */; };
		23AB326F24D162BB005AE33C /* ItemDetailViewController.swift in Sources */ = {isa = PBXBuildFile; fileRef = 23AB326E24D162BB005AE33C /* ItemDetailViewController.swift */; };
		23AB327524D17676005AE33C /* ItemSongData.swift in Sources */ = {isa = PBXBuildFile; fileRef = 23AB327424D17676005AE33C /* ItemSongData.swift */; };
/* End PBXBuildFile section */

/* Begin PBXFileReference section */
		2309966B24B4A5DE0017042F /* Anghami-Playlists-Reimagined.app */ = {isa = PBXFileReference; explicitFileType = wrapper.application; includeInIndex = 0; path = "Anghami-Playlists-Reimagined.app"; sourceTree = BUILT_PRODUCTS_DIR; };
		2309966E24B4A5DE0017042F /* AppDelegate.swift */ = {isa = PBXFileReference; lastKnownFileType = sourcecode.swift; path = AppDelegate.swift; sourceTree = "<group>"; };
		2309967024B4A5DE0017042F /* SceneDelegate.swift */ = {isa = PBXFileReference; lastKnownFileType = sourcecode.swift; path = SceneDelegate.swift; sourceTree = "<group>"; };
		2309967224B4A5DE0017042F /* MusicViewController.swift */ = {isa = PBXFileReference; lastKnownFileType = sourcecode.swift; path = MusicViewController.swift; sourceTree = "<group>"; };
		2309967524B4A5DE0017042F /* Base */ = {isa = PBXFileReference; lastKnownFileType = file.storyboard; name = Base; path = Base.lproj/Main.storyboard; sourceTree = "<group>"; };
		2309967724B4A5E10017042F /* Assets.xcassets */ = {isa = PBXFileReference; lastKnownFileType = folder.assetcatalog; path = Assets.xcassets; sourceTree = "<group>"; };
		2309967A24B4A5E10017042F /* Base */ = {isa = PBXFileReference; lastKnownFileType = file.storyboard; name = Base; path = Base.lproj/LaunchScreen.storyboard; sourceTree = "<group>"; };
		2309967C24B4A5E10017042F /* Info.plist */ = {isa = PBXFileReference; lastKnownFileType = text.plist.xml; path = Info.plist; sourceTree = "<group>"; };
		2309968424B4A85F0017042F /* AnghamiManager.swift */ = {isa = PBXFileReference; lastKnownFileType = sourcecode.swift; path = AnghamiManager.swift; sourceTree = "<group>"; };
		2309968724B4B1EB0017042F /* PlaylistData.swift */ = {isa = PBXFileReference; lastKnownFileType = sourcecode.swift; path = PlaylistData.swift; sourceTree = "<group>"; };
		230CB84D24CEDB1D00F203D8 /* LibraryPageViewController.swift */ = {isa = PBXFileReference; lastKnownFileType = sourcecode.swift; path = LibraryPageViewController.swift; sourceTree = "<group>"; };
		230CB84F24CEEC7800F203D8 /* LibraryViewController.swift */ = {isa = PBXFileReference; lastKnownFileType = sourcecode.swift; path = LibraryViewController.swift; sourceTree = "<group>"; };
		230CB85124CEF27200F203D8 /* AlbumData.swift */ = {isa = PBXFileReference; lastKnownFileType = sourcecode.swift; path = AlbumData.swift; sourceTree = "<group>"; };
		230CB85324CEF27A00F203D8 /* ArtistData.swift */ = {isa = PBXFileReference; lastKnownFileType = sourcecode.swift; path = ArtistData.swift; sourceTree = "<group>"; };
		230CB85C24CF0CF000F203D8 /* Item.swift */ = {isa = PBXFileReference; lastKnownFileType = sourcecode.swift; path = Item.swift; sourceTree = "<group>"; };
		230CB85E24CFFE9700F203D8 /* ChildViewControllerExtension.swift */ = {isa = PBXFileReference; lastKnownFileType = sourcecode.swift; path = ChildViewControllerExtension.swift; sourceTree = "<group>"; };
		230CB86024CFFEFF00F203D8 /* LoadingViewController.swift */ = {isa = PBXFileReference; lastKnownFileType = sourcecode.swift; path = LoadingViewController.swift; sourceTree = "<group>"; };
		230CB86224D0059800F203D8 /* StringLocalizedExtension.swift */ = {isa = PBXFileReference; lastKnownFileType = sourcecode.swift; path = StringLocalizedExtension.swift; sourceTree = "<group>"; };
		230CB86424D005C500F203D8 /* ar */ = {isa = PBXFileReference; lastKnownFileType = text.plist.strings; name = ar; path = ar.lproj/Main.strings; sourceTree = "<group>"; };
		230CB86524D005D700F203D8 /* fr */ = {isa = PBXFileReference; lastKnownFileType = text.plist.strings; name = fr; path = fr.lproj/Main.strings; sourceTree = "<group>"; };
		230CB86924D006EC00F203D8 /* en */ = {isa = PBXFileReference; lastKnownFileType = text.plist.strings; name = en; path = en.lproj/Localizable.strings; sourceTree = "<group>"; };
		230CB86D24D0074400F203D8 /* ar */ = {isa = PBXFileReference; lastKnownFileType = text.plist.strings; name = ar; path = ar.lproj/Localizable.strings; sourceTree = "<group>"; };
		230CB86E24D0074600F203D8 /* fr */ = {isa = PBXFileReference; lastKnownFileType = text.plist.strings; name = fr; path = fr.lproj/Localizable.strings; sourceTree = "<group>"; };
		2316466F24B9996900001EE7 /* ItemCell.swift */ = {isa = PBXFileReference; lastKnownFileType = sourcecode.swift; path = ItemCell.swift; sourceTree = "<group>"; };
		2316467024B9996900001EE7 /* ItemCell.xib */ = {isa = PBXFileReference; lastKnownFileType = file.xib; path = ItemCell.xib; sourceTree = "<group>"; };
		2316467424B9A09500001EE7 /* Constants.swift */ = {isa = PBXFileReference; lastKnownFileType = sourcecode.swift; path = Constants.swift; sourceTree = "<group>"; };
		232965B624CB12DB00F2CF0B /* TableViewDataSource.swift */ = {isa = PBXFileReference; lastKnownFileType = sourcecode.swift; path = TableViewDataSource.swift; sourceTree = "<group>"; };
		23AB326E24D162BB005AE33C /* ItemDetailViewController.swift */ = {isa = PBXFileReference; lastKnownFileType = sourcecode.swift; path = ItemDetailViewController.swift; sourceTree = "<group>"; };
		23AB327424D17676005AE33C /* ItemSongData.swift */ = {isa = PBXFileReference; lastKnownFileType = sourcecode.swift; path = ItemSongData.swift; sourceTree = "<group>"; };
/* End PBXFileReference section */

/* Begin PBXFrameworksBuildPhase section */
		2309966824B4A5DE0017042F /* Frameworks */ = {
			isa = PBXFrameworksBuildPhase;
			buildActionMask = 2147483647;
			files = (
			);
			runOnlyForDeploymentPostprocessing = 0;
		};
/* End PBXFrameworksBuildPhase section */

/* Begin PBXGroup section */
		2309966224B4A5DE0017042F = {
			isa = PBXGroup;
			children = (
				2309966D24B4A5DE0017042F /* Anghami-Playlists-Reimagined */,
				2309966C24B4A5DE0017042F /* Products */,
			);
			sourceTree = "<group>";
		};
		2309966C24B4A5DE0017042F /* Products */ = {
			isa = PBXGroup;
			children = (
				2309966B24B4A5DE0017042F /* Anghami-Playlists-Reimagined.app */,
			);
			name = Products;
			sourceTree = "<group>";
		};
		2309966D24B4A5DE0017042F /* Anghami-Playlists-Reimagined */ = {
			isa = PBXGroup;
			children = (
				2309966E24B4A5DE0017042F /* AppDelegate.swift */,
				2309967024B4A5DE0017042F /* SceneDelegate.swift */,
				2309968624B4A8690017042F /* Models */,
				2309968224B4A8270017042F /* Storyboards */,
				2309968324B4A82F0017042F /* Controllers */,
				2316467324B9A08700001EE7 /* Supporting Files */,
				2309967C24B4A5E10017042F /* Info.plist */,
			);
			path = "Anghami-Playlists-Reimagined";
			sourceTree = "<group>";
		};
		2309968224B4A8270017042F /* Storyboards */ = {
			isa = PBXGroup;
			children = (
				2309967424B4A5DE0017042F /* Main.storyboard */,
				2316466F24B9996900001EE7 /* ItemCell.swift */,
				2316467024B9996900001EE7 /* ItemCell.xib */,
			);
			path = Storyboards;
			sourceTree = "<group>";
		};
		2309968324B4A82F0017042F /* Controllers */ = {
			isa = PBXGroup;
			children = (
				2309967224B4A5DE0017042F /* MusicViewController.swift */,
				230CB84D24CEDB1D00F203D8 /* LibraryPageViewController.swift */,
				232965B624CB12DB00F2CF0B /* TableViewDataSource.swift */,
				230CB84F24CEEC7800F203D8 /* LibraryViewController.swift */,
				230CB86024CFFEFF00F203D8 /* LoadingViewController.swift */,
				23AB326E24D162BB005AE33C /* ItemDetailViewController.swift */,
			);
			path = Controllers;
			sourceTree = "<group>";
		};
		2309968624B4A8690017042F /* Models */ = {
			isa = PBXGroup;
			children = (
				2309968424B4A85F0017042F /* AnghamiManager.swift */,
				2309968724B4B1EB0017042F /* PlaylistData.swift */,
				230CB85124CEF27200F203D8 /* AlbumData.swift */,
				230CB85324CEF27A00F203D8 /* ArtistData.swift */,
				230CB85C24CF0CF000F203D8 /* Item.swift */,
				23AB327424D17676005AE33C /* ItemSongData.swift */,
			);
			path = Models;
			sourceTree = "<group>";
		};
		2316467324B9A08700001EE7 /* Supporting Files */ = {
			isa = PBXGroup;
			children = (
				2309967724B4A5E10017042F /* Assets.xcassets */,
				2309967924B4A5E10017042F /* LaunchScreen.storyboard */,
				2316467424B9A09500001EE7 /* Constants.swift */,
				230CB85E24CFFE9700F203D8 /* ChildViewControllerExtension.swift */,
				230CB86224D0059800F203D8 /* StringLocalizedExtension.swift */,
				230CB86A24D006EC00F203D8 /* Localizable.strings */,
			);
			path = "Supporting Files";
			sourceTree = "<group>";
		};
/* End PBXGroup section */

/* Begin PBXNativeTarget section */
		2309966A24B4A5DE0017042F /* Anghami-Playlists-Reimagined */ = {
			isa = PBXNativeTarget;
			buildConfigurationList = 2309967F24B4A5E10017042F /* Build configuration list for PBXNativeTarget "Anghami-Playlists-Reimagined" */;
			buildPhases = (
				2309966724B4A5DE0017042F /* Sources */,
				2309966824B4A5DE0017042F /* Frameworks */,
				2309966924B4A5DE0017042F /* Resources */,
			);
			buildRules = (
			);
			dependencies = (
			);
			name = "Anghami-Playlists-Reimagined";
			productName = "Anghami-Playlists-Reimagined";
			productReference = 2309966B24B4A5DE0017042F /* Anghami-Playlists-Reimagined.app */;
			productType = "com.apple.product-type.application";
		};
/* End PBXNativeTarget section */

/* Begin PBXProject section */
		2309966324B4A5DE0017042F /* Project object */ = {
			isa = PBXProject;
			attributes = {
				LastSwiftUpdateCheck = 1150;
				LastUpgradeCheck = 1150;
				ORGANIZATIONNAME = "Omar Khodr";
				TargetAttributes = {
					2309966A24B4A5DE0017042F = {
						CreatedOnToolsVersion = 11.5;
					};
				};
			};
			buildConfigurationList = 2309966624B4A5DE0017042F /* Build configuration list for PBXProject "Anghami-Playlists-Reimagined" */;
			compatibilityVersion = "Xcode 9.3";
			developmentRegion = en;
			hasScannedForEncodings = 0;
			knownRegions = (
				en,
				Base,
				ar,
				fr,
			);
			mainGroup = 2309966224B4A5DE0017042F;
			productRefGroup = 2309966C24B4A5DE0017042F /* Products */;
			projectDirPath = "";
			projectRoot = "";
			targets = (
				2309966A24B4A5DE0017042F /* Anghami-Playlists-Reimagined */,
			);
		};
/* End PBXProject section */

/* Begin PBXResourcesBuildPhase section */
		2309966924B4A5DE0017042F /* Resources */ = {
			isa = PBXResourcesBuildPhase;
			buildActionMask = 2147483647;
			files = (
				230CB86824D006EC00F203D8 /* Localizable.strings in Resources */,
				2309967B24B4A5E10017042F /* LaunchScreen.storyboard in Resources */,
				2309967824B4A5E10017042F /* Assets.xcassets in Resources */,
				2309967624B4A5DE0017042F /* Main.storyboard in Resources */,
				2316467224B9996900001EE7 /* ItemCell.xib in Resources */,
			);
			runOnlyForDeploymentPostprocessing = 0;
		};
/* End PBXResourcesBuildPhase section */

/* Begin PBXSourcesBuildPhase section */
		2309966724B4A5DE0017042F /* Sources */ = {
			isa = PBXSourcesBuildPhase;
			buildActionMask = 2147483647;
			files = (
				2309967324B4A5DE0017042F /* MusicViewController.swift in Sources */,
				230CB85024CEEC7800F203D8 /* LibraryViewController.swift in Sources */,
				230CB86124CFFEFF00F203D8 /* LoadingViewController.swift in Sources */,
				23AB326F24D162BB005AE33C /* ItemDetailViewController.swift in Sources */,
				2309966F24B4A5DE0017042F /* AppDelegate.swift in Sources */,
				230CB86324D0059800F203D8 /* StringLocalizedExtension.swift in Sources */,
				230CB85D24CF0CF000F203D8 /* Item.swift in Sources */,
				232965B724CB12DB00F2CF0B /* TableViewDataSource.swift in Sources */,
				230CB85F24CFFE9700F203D8 /* ChildViewControllerExtension.swift in Sources */,
				230CB85424CEF27A00F203D8 /* ArtistData.swift in Sources */,
				23AB327524D17676005AE33C /* ItemSongData.swift in Sources */,
				230CB85224CEF27200F203D8 /* AlbumData.swift in Sources */,
				2309967124B4A5DE0017042F /* SceneDelegate.swift in Sources */,
				230CB84E24CEDB1D00F203D8 /* LibraryPageViewController.swift in Sources */,
				2309968524B4A85F0017042F /* AnghamiManager.swift in Sources */,
				2316467524B9A09500001EE7 /* Constants.swift in Sources */,
				2309968824B4B1EB0017042F /* PlaylistData.swift in Sources */,
				2316467124B9996900001EE7 /* ItemCell.swift in Sources */,
			);
			runOnlyForDeploymentPostprocessing = 0;
		};
/* End PBXSourcesBuildPhase section */

/* Begin PBXVariantGroup section */
		2309967424B4A5DE0017042F /* Main.storyboard */ = {
			isa = PBXVariantGroup;
			children = (
				2309967524B4A5DE0017042F /* Base */,
				230CB86424D005C500F203D8 /* ar */,
				230CB86524D005D700F203D8 /* fr */,
			);
			name = Main.storyboard;
			sourceTree = "<group>";
		};
		2309967924B4A5E10017042F /* LaunchScreen.storyboard */ = {
			isa = PBXVariantGroup;
			children = (
				2309967A24B4A5E10017042F /* Base */,
			);
			name = LaunchScreen.storyboard;
			sourceTree = "<group>";
		};
		230CB86A24D006EC00F203D8 /* Localizable.strings */ = {
			isa = PBXVariantGroup;
			children = (
				230CB86924D006EC00F203D8 /* en */,
				230CB86D24D0074400F203D8 /* ar */,
				230CB86E24D0074600F203D8 /* fr */,
			);
			name = Localizable.strings;
			sourceTree = "<group>";
		};
/* End PBXVariantGroup section */

/* Begin XCBuildConfiguration section */
		2309967D24B4A5E10017042F /* Debug */ = {
			isa = XCBuildConfiguration;
			buildSettings = {
				ALWAYS_SEARCH_USER_PATHS = NO;
				CLANG_ANALYZER_LOCALIZABILITY_NONLOCALIZED = YES;
				CLANG_ANALYZER_NONNULL = YES;
				CLANG_ANALYZER_NUMBER_OBJECT_CONVERSION = YES_AGGRESSIVE;
				CLANG_CXX_LANGUAGE_STANDARD = "gnu++14";
				CLANG_CXX_LIBRARY = "libc++";
				CLANG_ENABLE_MODULES = YES;
				CLANG_ENABLE_OBJC_ARC = YES;
				CLANG_ENABLE_OBJC_WEAK = YES;
				CLANG_WARN_BLOCK_CAPTURE_AUTORELEASING = YES;
				CLANG_WARN_BOOL_CONVERSION = YES;
				CLANG_WARN_COMMA = YES;
				CLANG_WARN_CONSTANT_CONVERSION = YES;
				CLANG_WARN_DEPRECATED_OBJC_IMPLEMENTATIONS = YES;
				CLANG_WARN_DIRECT_OBJC_ISA_USAGE = YES_ERROR;
				CLANG_WARN_DOCUMENTATION_COMMENTS = YES;
				CLANG_WARN_EMPTY_BODY = YES;
				CLANG_WARN_ENUM_CONVERSION = YES;
				CLANG_WARN_INFINITE_RECURSION = YES;
				CLANG_WARN_INT_CONVERSION = YES;
				CLANG_WARN_NON_LITERAL_NULL_CONVERSION = YES;
				CLANG_WARN_OBJC_IMPLICIT_RETAIN_SELF = YES;
				CLANG_WARN_OBJC_LITERAL_CONVERSION = YES;
				CLANG_WARN_OBJC_ROOT_CLASS = YES_ERROR;
				CLANG_WARN_RANGE_LOOP_ANALYSIS = YES;
				CLANG_WARN_STRICT_PROTOTYPES = YES;
				CLANG_WARN_SUSPICIOUS_MOVE = YES;
				CLANG_WARN_UNGUARDED_AVAILABILITY = YES_AGGRESSIVE;
				CLANG_WARN_UNREACHABLE_CODE = YES;
				CLANG_WARN__DUPLICATE_METHOD_MATCH = YES;
				COPY_PHASE_STRIP = NO;
				DEBUG_INFORMATION_FORMAT = dwarf;
				ENABLE_STRICT_OBJC_MSGSEND = YES;
				ENABLE_TESTABILITY = YES;
				GCC_C_LANGUAGE_STANDARD = gnu11;
				GCC_DYNAMIC_NO_PIC = NO;
				GCC_NO_COMMON_BLOCKS = YES;
				GCC_OPTIMIZATION_LEVEL = 0;
				GCC_PREPROCESSOR_DEFINITIONS = (
					"DEBUG=1",
					"$(inherited)",
				);
				GCC_WARN_64_TO_32_BIT_CONVERSION = YES;
				GCC_WARN_ABOUT_RETURN_TYPE = YES_ERROR;
				GCC_WARN_UNDECLARED_SELECTOR = YES;
				GCC_WARN_UNINITIALIZED_AUTOS = YES_AGGRESSIVE;
				GCC_WARN_UNUSED_FUNCTION = YES;
				GCC_WARN_UNUSED_VARIABLE = YES;
				IPHONEOS_DEPLOYMENT_TARGET = 13.5;
				MTL_ENABLE_DEBUG_INFO = INCLUDE_SOURCE;
				MTL_FAST_MATH = YES;
				ONLY_ACTIVE_ARCH = YES;
				SDKROOT = iphoneos;
				SWIFT_ACTIVE_COMPILATION_CONDITIONS = DEBUG;
				SWIFT_OPTIMIZATION_LEVEL = "-Onone";
			};
			name = Debug;
		};
		2309967E24B4A5E10017042F /* Release */ = {
			isa = XCBuildConfiguration;
			buildSettings = {
				ALWAYS_SEARCH_USER_PATHS = NO;
				CLANG_ANALYZER_LOCALIZABILITY_NONLOCALIZED = YES;
				CLANG_ANALYZER_NONNULL = YES;
				CLANG_ANALYZER_NUMBER_OBJECT_CONVERSION = YES_AGGRESSIVE;
				CLANG_CXX_LANGUAGE_STANDARD = "gnu++14";
				CLANG_CXX_LIBRARY = "libc++";
				CLANG_ENABLE_MODULES = YES;
				CLANG_ENABLE_OBJC_ARC = YES;
				CLANG_ENABLE_OBJC_WEAK = YES;
				CLANG_WARN_BLOCK_CAPTURE_AUTORELEASING = YES;
				CLANG_WARN_BOOL_CONVERSION = YES;
				CLANG_WARN_COMMA = YES;
				CLANG_WARN_CONSTANT_CONVERSION = YES;
				CLANG_WARN_DEPRECATED_OBJC_IMPLEMENTATIONS = YES;
				CLANG_WARN_DIRECT_OBJC_ISA_USAGE = YES_ERROR;
				CLANG_WARN_DOCUMENTATION_COMMENTS = YES;
				CLANG_WARN_EMPTY_BODY = YES;
				CLANG_WARN_ENUM_CONVERSION = YES;
				CLANG_WARN_INFINITE_RECURSION = YES;
				CLANG_WARN_INT_CONVERSION = YES;
				CLANG_WARN_NON_LITERAL_NULL_CONVERSION = YES;
				CLANG_WARN_OBJC_IMPLICIT_RETAIN_SELF = YES;
				CLANG_WARN_OBJC_LITERAL_CONVERSION = YES;
				CLANG_WARN_OBJC_ROOT_CLASS = YES_ERROR;
				CLANG_WARN_RANGE_LOOP_ANALYSIS = YES;
				CLANG_WARN_STRICT_PROTOTYPES = YES;
				CLANG_WARN_SUSPICIOUS_MOVE = YES;
				CLANG_WARN_UNGUARDED_AVAILABILITY = YES_AGGRESSIVE;
				CLANG_WARN_UNREACHABLE_CODE = YES;
				CLANG_WARN__DUPLICATE_METHOD_MATCH = YES;
				COPY_PHASE_STRIP = NO;
				DEBUG_INFORMATION_FORMAT = "dwarf-with-dsym";
				ENABLE_NS_ASSERTIONS = NO;
				ENABLE_STRICT_OBJC_MSGSEND = YES;
				GCC_C_LANGUAGE_STANDARD = gnu11;
				GCC_NO_COMMON_BLOCKS = YES;
				GCC_WARN_64_TO_32_BIT_CONVERSION = YES;
				GCC_WARN_ABOUT_RETURN_TYPE = YES_ERROR;
				GCC_WARN_UNDECLARED_SELECTOR = YES;
				GCC_WARN_UNINITIALIZED_AUTOS = YES_AGGRESSIVE;
				GCC_WARN_UNUSED_FUNCTION = YES;
				GCC_WARN_UNUSED_VARIABLE = YES;
				IPHONEOS_DEPLOYMENT_TARGET = 13.5;
				MTL_ENABLE_DEBUG_INFO = NO;
				MTL_FAST_MATH = YES;
				SDKROOT = iphoneos;
				SWIFT_COMPILATION_MODE = wholemodule;
				SWIFT_OPTIMIZATION_LEVEL = "-O";
				VALIDATE_PRODUCT = YES;
			};
			name = Release;
		};
		2309968024B4A5E10017042F /* Debug */ = {
			isa = XCBuildConfiguration;
			buildSettings = {
				ASSETCATALOG_COMPILER_APPICON_NAME = AppIcon;
				CODE_SIGN_STYLE = Automatic;
				DEVELOPMENT_TEAM = 5X3PZ7P8YG;
				INFOPLIST_FILE = "Anghami-Playlists-Reimagined/Info.plist";
				IPHONEOS_DEPLOYMENT_TARGET = 13.0;
				LD_RUNPATH_SEARCH_PATHS = (
					"$(inherited)",
					"@executable_path/Frameworks",
				);
				PRODUCT_BUNDLE_IDENTIFIER = "com.omarkhodr.Anghami-Playlists-Reimagined";
				PRODUCT_NAME = "$(TARGET_NAME)";
				SWIFT_VERSION = 5.0;
				TARGETED_DEVICE_FAMILY = 1;
			};
			name = Debug;
		};
		2309968124B4A5E10017042F /* Release */ = {
			isa = XCBuildConfiguration;
			buildSettings = {
				ASSETCATALOG_COMPILER_APPICON_NAME = AppIcon;
				CODE_SIGN_STYLE = Automatic;
				DEVELOPMENT_TEAM = 5X3PZ7P8YG;
				INFOPLIST_FILE = "Anghami-Playlists-Reimagined/Info.plist";
				IPHONEOS_DEPLOYMENT_TARGET = 13.0;
				LD_RUNPATH_SEARCH_PATHS = (
					"$(inherited)",
					"@executable_path/Frameworks",
				);
				PRODUCT_BUNDLE_IDENTIFIER = "com.omarkhodr.Anghami-Playlists-Reimagined";
				PRODUCT_NAME = "$(TARGET_NAME)";
				SWIFT_VERSION = 5.0;
				TARGETED_DEVICE_FAMILY = 1;
			};
			name = Release;
		};
/* End XCBuildConfiguration section */

/* Begin XCConfigurationList section */
		2309966624B4A5DE0017042F /* Build configuration list for PBXProject "Anghami-Playlists-Reimagined" */ = {
			isa = XCConfigurationList;
			buildConfigurations = (
				2309967D24B4A5E10017042F /* Debug */,
				2309967E24B4A5E10017042F /* Release */,
			);
			defaultConfigurationIsVisible = 0;
			defaultConfigurationName = Release;
		};
		2309967F24B4A5E10017042F /* Build configuration list for PBXNativeTarget "Anghami-Playlists-Reimagined" */ = {
			isa = XCConfigurationList;
			buildConfigurations = (
				2309968024B4A5E10017042F /* Debug */,
				2309968124B4A5E10017042F /* Release */,
			);
			defaultConfigurationIsVisible = 0;
			defaultConfigurationName = Release;
		};
/* End XCConfigurationList section */
	};
	rootObject = 2309966324B4A5DE0017042F /* Project object */;
}
